
Microsoft Visual Studio Solution File, Format Version 12.00
# Visual Studio 15
VisualStudioVersion = 15.0.28307.329
MinimumVisualStudioVersion = 10.0.40219.1
Project("{FAE04EC0-301F-11D3-BF4B-00C04F79EFBC}") = "GameMastersTools", "GameMastersTools\GameMastersTools.csproj", "{CD7F8536-E9BF-4C53-B5AE-4BBF83835CEE}"
EndProject
Project("{FAE04EC0-301F-11D3-BF4B-00C04F79EFBC}") = "GMToolsUnitTest", "GMToolsUnitTest\GMToolsUnitTest.csproj", "{B8E25475-8819-4D32-87F7-0CE020D617F0}"
EndProject
Global
	GlobalSection(SolutionConfigurationPlatforms) = preSolution
		Debug|Any CPU = Debug|Any CPU
		Debug|ARM = Debug|ARM
		Debug|ARM64 = Debug|ARM64
		Debug|x64 = Debug|x64
		Debug|x86 = Debug|x86
		Release|Any CPU = Release|Any CPU
		Release|ARM = Release|ARM
		Release|ARM64 = Release|ARM64
		Release|x64 = Release|x64
		Release|x86 = Release|x86
	EndGlobalSection
	GlobalSection(ProjectConfigurationPlatforms) = postSolution
		{CD7F8536-E9BF-4C53-B5AE-4BBF83835CEE}.Debug|Any CPU.ActiveCfg = Debug|x86
		{CD7F8536-E9BF-4C53-B5AE-4BBF83835CEE}.Debug|ARM.ActiveCfg = Debug|ARM
		{CD7F8536-E9BF-4C53-B5AE-4BBF83835CEE}.Debug|ARM.Build.0 = Debug|ARM
		{CD7F8536-E9BF-4C53-B5AE-4BBF83835CEE}.Debug|ARM.Deploy.0 = Debug|ARM
		{CD7F8536-E9BF-4C53-B5AE-4BBF83835CEE}.Debug|ARM64.ActiveCfg = Debug|ARM64
		{CD7F8536-E9BF-4C53-B5AE-4BBF83835CEE}.Debug|ARM64.Build.0 = Debug|ARM64
		{CD7F8536-E9BF-4C53-B5AE-4BBF83835CEE}.Debug|ARM64.Deploy.0 = Debug|ARM64
		{CD7F8536-E9BF-4C53-B5AE-4BBF83835CEE}.Debug|x64.ActiveCfg = Debug|x64
		{CD7F8536-E9BF-4C53-B5AE-4BBF83835CEE}.Debug|x64.Build.0 = Debug|x64
		{CD7F8536-E9BF-4C53-B5AE-4BBF83835CEE}.Debug|x64.Deploy.0 = Debug|x64
		{CD7F8536-E9BF-4C53-B5AE-4BBF83835CEE}.Debug|x86.ActiveCfg = Debug|x86
		{CD7F8536-E9BF-4C53-B5AE-4BBF83835CEE}.Debug|x86.Build.0 = Debug|x86
		{CD7F8536-E9BF-4C53-B5AE-4BBF83835CEE}.Debug|x86.Deploy.0 = Debug|x86
		{CD7F8536-E9BF-4C53-B5AE-4BBF83835CEE}.Release|Any CPU.ActiveCfg = Release|x86
		{CD7F8536-E9BF-4C53-B5AE-4BBF83835CEE}.Release|ARM.ActiveCfg = Release|ARM
		{CD7F8536-E9BF-4C53-B5AE-4BBF83835CEE}.Release|ARM.Build.0 = Release|ARM
		{CD7F8536-E9BF-4C53-B5AE-4BBF83835CEE}.Release|ARM.Deploy.0 = Release|ARM
		{CD7F8536-E9BF-4C53-B5AE-4BBF83835CEE}.Release|ARM64.ActiveCfg = Release|ARM64
		{CD7F8536-E9BF-4C53-B5AE-4BBF83835CEE}.Release|ARM64.Build.0 = Release|ARM64
		{CD7F8536-E9BF-4C53-B5AE-4BBF83835CEE}.Release|ARM64.Deploy.0 = Release|ARM64
		{CD7F8536-E9BF-4C53-B5AE-4BBF83835CEE}.Release|x64.ActiveCfg = Release|x64
		{CD7F8536-E9BF-4C53-B5AE-4BBF83835CEE}.Release|x64.Build.0 = Release|x64
		{CD7F8536-E9BF-4C53-B5AE-4BBF83835CEE}.Release|x64.Deploy.0 = Release|x64
		{CD7F8536-E9BF-4C53-B5AE-4BBF83835CEE}.Release|x86.ActiveCfg = Release|x86
		{CD7F8536-E9BF-4C53-B5AE-4BBF83835CEE}.Release|x86.Build.0 = Release|x86
		{CD7F8536-E9BF-4C53-B5AE-4BBF83835CEE}.Release|x86.Deploy.0 = Release|x86
		{B8E25475-8819-4D32-87F7-0CE020D617F0}.Debug|Any CPU.ActiveCfg = Debug|x86
		{B8E25475-8819-4D32-87F7-0CE020D617F0}.Debug|ARM.ActiveCfg = Debug|ARM
		{B8E25475-8819-4D32-87F7-0CE020D617F0}.Debug|ARM.Build.0 = Debug|ARM
		{B8E25475-8819-4D32-87F7-0CE020D617F0}.Debug|ARM.Deploy.0 = Debug|ARM
		{B8E25475-8819-4D32-87F7-0CE020D617F0}.Debug|ARM64.ActiveCfg = Debug|ARM64
		{B8E25475-8819-4D32-87F7-0CE020D617F0}.Debug|ARM64.Build.0 = Debug|ARM64
		{B8E25475-8819-4D32-87F7-0CE020D617F0}.Debug|ARM64.Deploy.0 = Debug|ARM64
		{B8E25475-8819-4D32-87F7-0CE020D617F0}.Debug|x64.ActiveCfg = Debug|x64
		{B8E25475-8819-4D32-87F7-0CE020D617F0}.Debug|x64.Build.0 = Debug|x64
		{B8E25475-8819-4D32-87F7-0CE020D617F0}.Debug|x64.Deploy.0 = Debug|x64
		{B8E25475-8819-4D32-87F7-0CE020D617F0}.Debug|x86.ActiveCfg = Debug|x86
		{B8E25475-8819-4D32-87F7-0CE020D617F0}.Debug|x86.Build.0 = Debug|x86
		{B8E25475-8819-4D32-87F7-0CE020D617F0}.Debug|x86.Deploy.0 = Debug|x86
		{B8E25475-8819-4D32-87F7-0CE020D617F0}.Release|Any CPU.ActiveCfg = Release|x86
		{B8E25475-8819-4D32-87F7-0CE020D617F0}.Release|ARM.ActiveCfg = Release|ARM
		{B8E25475-8819-4D32-87F7-0CE020D617F0}.Release|ARM.Build.0 = Release|ARM
		{B8E25475-8819-4D32-87F7-0CE020D617F0}.Release|ARM.Deploy.0 = Release|ARM
		{B8E25475-8819-4D32-87F7-0CE020D617F0}.Release|ARM64.ActiveCfg = Release|ARM64
		{B8E25475-8819-4D32-87F7-0CE020D617F0}.Release|ARM64.Build.0 = Release|ARM64
		{B8E25475-8819-4D32-87F7-0CE020D617F0}.Release|ARM64.Deploy.0 = Release|ARM64
		{B8E25475-8819-4D32-87F7-0CE020D617F0}.Release|x64.ActiveCfg = Release|x64
		{B8E25475-8819-4D32-87F7-0CE020D617F0}.Release|x64.Build.0 = Release|x64
		{B8E25475-8819-4D32-87F7-0CE020D617F0}.Release|x64.Deploy.0 = Release|x64
		{B8E25475-8819-4D32-87F7-0CE020D617F0}.Release|x86.ActiveCfg = Release|x86
		{B8E25475-8819-4D32-87F7-0CE020D617F0}.Release|x86.Build.0 = Release|x86
		{B8E25475-8819-4D32-87F7-0CE020D617F0}.Release|x86.Deploy.0 = Release|x86
	EndGlobalSection
	GlobalSection(SolutionProperties) = preSolution
		HideSolutionNode = FALSE
	EndGlobalSection
	GlobalSection(ExtensibilityGlobals) = postSolution
		SolutionGuid = {76F5693C-305A-4887-ABD7-5D7B625B8C9B}
	EndGlobalSection
EndGlobal
