
Microsoft Visual Studio Solution File, Format Version 12.00
# Visual Studio 15
VisualStudioVersion = 15.0.28307.329
MinimumVisualStudioVersion = 10.0.40219.1
Project("{FAE04EC0-301F-11D3-BF4B-00C04F79EFBC}") = "GameMastersTools", "GameMastersTools\GameMastersTools.csproj", "{CD7F8536-E9BF-4C53-B5AE-4BBF83835CEE}"
EndProject
Project("{FAE04EC0-301F-11D3-BF4B-00C04F79EFBC}") = "GMToolsWeb", "GMToolsWeb\GMToolsWeb.csproj", "{75D46065-64CA-4C97-BFEE-CB87E9B82C85}"
EndProject
Project("{FAE04EC0-301F-11D3-BF4B-00C04F79EFBC}") = "GMToolsConsole", "GMToolsConsole\GMToolsConsole.csproj", "{97ABA7C2-4D13-4BE6-94AD-9CF24946825E}"
EndProject
Global
	GlobalSection(SolutionConfigurationPlatforms) = preSolution
		Debug|Any CPU = Debug|Any CPU
		Debug|ARM = Debug|ARM
		Debug|ARM64 = Debug|ARM64
		Debug|x64 = Debug|x64
		Debug|x86 = Debug|x86
		Release|Any CPU = Release|Any CPU
		Release|ARM = Release|ARM
		Release|ARM64 = Release|ARM64
		Release|x64 = Release|x64
		Release|x86 = Release|x86
	EndGlobalSection
	GlobalSection(ProjectConfigurationPlatforms) = postSolution
		{CD7F8536-E9BF-4C53-B5AE-4BBF83835CEE}.Debug|Any CPU.ActiveCfg = Debug|x86
		{CD7F8536-E9BF-4C53-B5AE-4BBF83835CEE}.Debug|ARM.ActiveCfg = Debug|ARM
		{CD7F8536-E9BF-4C53-B5AE-4BBF83835CEE}.Debug|ARM.Build.0 = Debug|ARM
		{CD7F8536-E9BF-4C53-B5AE-4BBF83835CEE}.Debug|ARM.Deploy.0 = Debug|ARM
		{CD7F8536-E9BF-4C53-B5AE-4BBF83835CEE}.Debug|ARM64.ActiveCfg = Debug|ARM64
		{CD7F8536-E9BF-4C53-B5AE-4BBF83835CEE}.Debug|ARM64.Build.0 = Debug|ARM64
		{CD7F8536-E9BF-4C53-B5AE-4BBF83835CEE}.Debug|ARM64.Deploy.0 = Debug|ARM64
		{CD7F8536-E9BF-4C53-B5AE-4BBF83835CEE}.Debug|x64.ActiveCfg = Debug|x64
		{CD7F8536-E9BF-4C53-B5AE-4BBF83835CEE}.Debug|x64.Build.0 = Debug|x64
		{CD7F8536-E9BF-4C53-B5AE-4BBF83835CEE}.Debug|x64.Deploy.0 = Debug|x64
		{CD7F8536-E9BF-4C53-B5AE-4BBF83835CEE}.Debug|x86.ActiveCfg = Debug|x86
		{CD7F8536-E9BF-4C53-B5AE-4BBF83835CEE}.Debug|x86.Build.0 = Debug|x86
		{CD7F8536-E9BF-4C53-B5AE-4BBF83835CEE}.Debug|x86.Deploy.0 = Debug|x86
		{CD7F8536-E9BF-4C53-B5AE-4BBF83835CEE}.Release|Any CPU.ActiveCfg = Release|x86
		{CD7F8536-E9BF-4C53-B5AE-4BBF83835CEE}.Release|ARM.ActiveCfg = Release|ARM
		{CD7F8536-E9BF-4C53-B5AE-4BBF83835CEE}.Release|ARM.Build.0 = Release|ARM
		{CD7F8536-E9BF-4C53-B5AE-4BBF83835CEE}.Release|ARM.Deploy.0 = Release|ARM
		{CD7F8536-E9BF-4C53-B5AE-4BBF83835CEE}.Release|ARM64.ActiveCfg = Release|ARM64
		{CD7F8536-E9BF-4C53-B5AE-4BBF83835CEE}.Release|ARM64.Build.0 = Release|ARM64
		{CD7F8536-E9BF-4C53-B5AE-4BBF83835CEE}.Release|ARM64.Deploy.0 = Release|ARM64
		{CD7F8536-E9BF-4C53-B5AE-4BBF83835CEE}.Release|x64.ActiveCfg = Release|x64
		{CD7F8536-E9BF-4C53-B5AE-4BBF83835CEE}.Release|x64.Build.0 = Release|x64
		{CD7F8536-E9BF-4C53-B5AE-4BBF83835CEE}.Release|x64.Deploy.0 = Release|x64
		{CD7F8536-E9BF-4C53-B5AE-4BBF83835CEE}.Release|x86.ActiveCfg = Release|x86
		{CD7F8536-E9BF-4C53-B5AE-4BBF83835CEE}.Release|x86.Build.0 = Release|x86
		{CD7F8536-E9BF-4C53-B5AE-4BBF83835CEE}.Release|x86.Deploy.0 = Release|x86
		{75D46065-64CA-4C97-BFEE-CB87E9B82C85}.Debug|Any CPU.ActiveCfg = Debug|Any CPU
		{75D46065-64CA-4C97-BFEE-CB87E9B82C85}.Debug|Any CPU.Build.0 = Debug|Any CPU
		{75D46065-64CA-4C97-BFEE-CB87E9B82C85}.Debug|ARM.ActiveCfg = Debug|Any CPU
		{75D46065-64CA-4C97-BFEE-CB87E9B82C85}.Debug|ARM.Build.0 = Debug|Any CPU
		{75D46065-64CA-4C97-BFEE-CB87E9B82C85}.Debug|ARM64.ActiveCfg = Debug|Any CPU
		{75D46065-64CA-4C97-BFEE-CB87E9B82C85}.Debug|ARM64.Build.0 = Debug|Any CPU
		{75D46065-64CA-4C97-BFEE-CB87E9B82C85}.Debug|x64.ActiveCfg = Debug|Any CPU
		{75D46065-64CA-4C97-BFEE-CB87E9B82C85}.Debug|x64.Build.0 = Debug|Any CPU
		{75D46065-64CA-4C97-BFEE-CB87E9B82C85}.Debug|x86.ActiveCfg = Debug|Any CPU
		{75D46065-64CA-4C97-BFEE-CB87E9B82C85}.Debug|x86.Build.0 = Debug|Any CPU
		{75D46065-64CA-4C97-BFEE-CB87E9B82C85}.Release|Any CPU.ActiveCfg = Release|Any CPU
		{75D46065-64CA-4C97-BFEE-CB87E9B82C85}.Release|Any CPU.Build.0 = Release|Any CPU
		{75D46065-64CA-4C97-BFEE-CB87E9B82C85}.Release|ARM.ActiveCfg = Release|Any CPU
		{75D46065-64CA-4C97-BFEE-CB87E9B82C85}.Release|ARM.Build.0 = Release|Any CPU
		{75D46065-64CA-4C97-BFEE-CB87E9B82C85}.Release|ARM64.ActiveCfg = Release|Any CPU
		{75D46065-64CA-4C97-BFEE-CB87E9B82C85}.Release|ARM64.Build.0 = Release|Any CPU
		{75D46065-64CA-4C97-BFEE-CB87E9B82C85}.Release|x64.ActiveCfg = Release|Any CPU
		{75D46065-64CA-4C97-BFEE-CB87E9B82C85}.Release|x64.Build.0 = Release|Any CPU
		{75D46065-64CA-4C97-BFEE-CB87E9B82C85}.Release|x86.ActiveCfg = Release|Any CPU
		{75D46065-64CA-4C97-BFEE-CB87E9B82C85}.Release|x86.Build.0 = Release|Any CPU
		{97ABA7C2-4D13-4BE6-94AD-9CF24946825E}.Debug|Any CPU.ActiveCfg = Debug|Any CPU
		{97ABA7C2-4D13-4BE6-94AD-9CF24946825E}.Debug|Any CPU.Build.0 = Debug|Any CPU
		{97ABA7C2-4D13-4BE6-94AD-9CF24946825E}.Debug|ARM.ActiveCfg = Debug|Any CPU
		{97ABA7C2-4D13-4BE6-94AD-9CF24946825E}.Debug|ARM.Build.0 = Debug|Any CPU
		{97ABA7C2-4D13-4BE6-94AD-9CF24946825E}.Debug|ARM64.ActiveCfg = Debug|Any CPU
		{97ABA7C2-4D13-4BE6-94AD-9CF24946825E}.Debug|ARM64.Build.0 = Debug|Any CPU
		{97ABA7C2-4D13-4BE6-94AD-9CF24946825E}.Debug|x64.ActiveCfg = Debug|Any CPU
		{97ABA7C2-4D13-4BE6-94AD-9CF24946825E}.Debug|x64.Build.0 = Debug|Any CPU
		{97ABA7C2-4D13-4BE6-94AD-9CF24946825E}.Debug|x86.ActiveCfg = Debug|Any CPU
		{97ABA7C2-4D13-4BE6-94AD-9CF24946825E}.Debug|x86.Build.0 = Debug|Any CPU
		{97ABA7C2-4D13-4BE6-94AD-9CF24946825E}.Release|Any CPU.ActiveCfg = Release|Any CPU
		{97ABA7C2-4D13-4BE6-94AD-9CF24946825E}.Release|Any CPU.Build.0 = Release|Any CPU
		{97ABA7C2-4D13-4BE6-94AD-9CF24946825E}.Release|ARM.ActiveCfg = Release|Any CPU
		{97ABA7C2-4D13-4BE6-94AD-9CF24946825E}.Release|ARM.Build.0 = Release|Any CPU
		{97ABA7C2-4D13-4BE6-94AD-9CF24946825E}.Release|ARM64.ActiveCfg = Release|Any CPU
		{97ABA7C2-4D13-4BE6-94AD-9CF24946825E}.Release|ARM64.Build.0 = Release|Any CPU
		{97ABA7C2-4D13-4BE6-94AD-9CF24946825E}.Release|x64.ActiveCfg = Release|Any CPU
		{97ABA7C2-4D13-4BE6-94AD-9CF24946825E}.Release|x64.Build.0 = Release|Any CPU
		{97ABA7C2-4D13-4BE6-94AD-9CF24946825E}.Release|x86.ActiveCfg = Release|Any CPU
		{97ABA7C2-4D13-4BE6-94AD-9CF24946825E}.Release|x86.Build.0 = Release|Any CPU
	EndGlobalSection
	GlobalSection(SolutionProperties) = preSolution
		HideSolutionNode = FALSE
	EndGlobalSection
	GlobalSection(ExtensibilityGlobals) = postSolution
		SolutionGuid = {76F5693C-305A-4887-ABD7-5D7B625B8C9B}
	EndGlobalSection
EndGlobal
